
Microsoft Visual Studio Solution File, Format Version 12.00
# Visual Studio Version 16
VisualStudioVersion = 16.0.29613.14
MinimumVisualStudioVersion = 10.0.40219.1
Project("{2150E333-8FDC-42A3-9474-1A3956D46DE8}") = "be", "be", "{366133C0-DDC6-4386-83F8-F28A979F847C}"
EndProject
Project("{2150E333-8FDC-42A3-9474-1A3956D46DE8}") = "core", "core", "{E5B69089-C776-41B8-BB4B-49BCAE531BC8}"
	ProjectSection(SolutionItems) = preProject
		api\Dockerfile = api\Dockerfile
	EndProjectSection
EndProject
Project("{2150E333-8FDC-42A3-9474-1A3956D46DE8}") = "common", "common", "{954B32A8-BEE0-4E0A-AB99-69958DC97E27}"
EndProject
Project("{9A19103F-16F7-4668-BE54-9A1E7A4F7556}") = "soa.api", "api\soa.api\soa.api.csproj", "{CDA0775F-F13D-4BEF-B6FD-B6998616E04B}"
EndProject
Project("{9A19103F-16F7-4668-BE54-9A1E7A4F7556}") = "soa.services", "api\soa.services\soa.services.csproj", "{38AD62E2-01DE-4D6B-8486-D2689D8360DC}"
EndProject
Project("{9A19103F-16F7-4668-BE54-9A1E7A4F7556}") = "soa.repository", "api\soa.repository\soa.repository.csproj", "{582E5499-38D5-419A-9023-5DD2764060DD}"
EndProject
Project("{9A19103F-16F7-4668-BE54-9A1E7A4F7556}") = "soa.model", "api\soa.model\soa.model.csproj", "{7EE2253F-42EC-478C-A98A-8E35086AD9D8}"
EndProject
Project("{9A19103F-16F7-4668-BE54-9A1E7A4F7556}") = "soa.contracts", "api\soa.contracts\soa.contracts.csproj", "{39FB55BF-D155-404D-AB75-D211A11894C0}"
EndProject
Project("{9A19103F-16F7-4668-BE54-9A1E7A4F7556}") = "soa-common.dtos", "api\soa-common.dtos\soa-common.dtos.csproj", "{D57C0A60-22A2-4E07-8995-C24EBFD354EF}"
EndProject
Project("{9A19103F-16F7-4668-BE54-9A1E7A4F7556}") = "soa-common.infrastructure", "api\soa-common.infrastructure\soa-common.infrastructure.csproj", "{F6081679-BEE3-4B72-8DE5-718208F32046}"
EndProject
Global
	GlobalSection(SolutionConfigurationPlatforms) = preSolution
		Debug|Any CPU = Debug|Any CPU
		Release|Any CPU = Release|Any CPU
	EndGlobalSection
	GlobalSection(ProjectConfigurationPlatforms) = postSolution
		{CDA0775F-F13D-4BEF-B6FD-B6998616E04B}.Debug|Any CPU.ActiveCfg = Debug|Any CPU
		{CDA0775F-F13D-4BEF-B6FD-B6998616E04B}.Debug|Any CPU.Build.0 = Debug|Any CPU
		{CDA0775F-F13D-4BEF-B6FD-B6998616E04B}.Release|Any CPU.ActiveCfg = Release|Any CPU
		{CDA0775F-F13D-4BEF-B6FD-B6998616E04B}.Release|Any CPU.Build.0 = Release|Any CPU
		{38AD62E2-01DE-4D6B-8486-D2689D8360DC}.Debug|Any CPU.ActiveCfg = Debug|Any CPU
		{38AD62E2-01DE-4D6B-8486-D2689D8360DC}.Debug|Any CPU.Build.0 = Debug|Any CPU
		{38AD62E2-01DE-4D6B-8486-D2689D8360DC}.Release|Any CPU.ActiveCfg = Release|Any CPU
		{38AD62E2-01DE-4D6B-8486-D2689D8360DC}.Release|Any CPU.Build.0 = Release|Any CPU
		{582E5499-38D5-419A-9023-5DD2764060DD}.Debug|Any CPU.ActiveCfg = Debug|Any CPU
		{582E5499-38D5-419A-9023-5DD2764060DD}.Debug|Any CPU.Build.0 = Debug|Any CPU
		{582E5499-38D5-419A-9023-5DD2764060DD}.Release|Any CPU.ActiveCfg = Release|Any CPU
		{582E5499-38D5-419A-9023-5DD2764060DD}.Release|Any CPU.Build.0 = Release|Any CPU
		{7EE2253F-42EC-478C-A98A-8E35086AD9D8}.Debug|Any CPU.ActiveCfg = Debug|Any CPU
		{7EE2253F-42EC-478C-A98A-8E35086AD9D8}.Debug|Any CPU.Build.0 = Debug|Any CPU
		{7EE2253F-42EC-478C-A98A-8E35086AD9D8}.Release|Any CPU.ActiveCfg = Release|Any CPU
		{7EE2253F-42EC-478C-A98A-8E35086AD9D8}.Release|Any CPU.Build.0 = Release|Any CPU
		{39FB55BF-D155-404D-AB75-D211A11894C0}.Debug|Any CPU.ActiveCfg = Debug|Any CPU
		{39FB55BF-D155-404D-AB75-D211A11894C0}.Debug|Any CPU.Build.0 = Debug|Any CPU
		{39FB55BF-D155-404D-AB75-D211A11894C0}.Release|Any CPU.ActiveCfg = Release|Any CPU
		{39FB55BF-D155-404D-AB75-D211A11894C0}.Release|Any CPU.Build.0 = Release|Any CPU
		{D57C0A60-22A2-4E07-8995-C24EBFD354EF}.Debug|Any CPU.ActiveCfg = Debug|Any CPU
		{D57C0A60-22A2-4E07-8995-C24EBFD354EF}.Debug|Any CPU.Build.0 = Debug|Any CPU
		{D57C0A60-22A2-4E07-8995-C24EBFD354EF}.Release|Any CPU.ActiveCfg = Release|Any CPU
		{D57C0A60-22A2-4E07-8995-C24EBFD354EF}.Release|Any CPU.Build.0 = Release|Any CPU
		{F6081679-BEE3-4B72-8DE5-718208F32046}.Debug|Any CPU.ActiveCfg = Debug|Any CPU
		{F6081679-BEE3-4B72-8DE5-718208F32046}.Debug|Any CPU.Build.0 = Debug|Any CPU
		{F6081679-BEE3-4B72-8DE5-718208F32046}.Release|Any CPU.ActiveCfg = Release|Any CPU
		{F6081679-BEE3-4B72-8DE5-718208F32046}.Release|Any CPU.Build.0 = Release|Any CPU
	EndGlobalSection
	GlobalSection(SolutionProperties) = preSolution
		HideSolutionNode = FALSE
	EndGlobalSection
	GlobalSection(NestedProjects) = preSolution
		{E5B69089-C776-41B8-BB4B-49BCAE531BC8} = {366133C0-DDC6-4386-83F8-F28A979F847C}
		{954B32A8-BEE0-4E0A-AB99-69958DC97E27} = {366133C0-DDC6-4386-83F8-F28A979F847C}
		{CDA0775F-F13D-4BEF-B6FD-B6998616E04B} = {E5B69089-C776-41B8-BB4B-49BCAE531BC8}
		{38AD62E2-01DE-4D6B-8486-D2689D8360DC} = {E5B69089-C776-41B8-BB4B-49BCAE531BC8}
		{582E5499-38D5-419A-9023-5DD2764060DD} = {E5B69089-C776-41B8-BB4B-49BCAE531BC8}
		{7EE2253F-42EC-478C-A98A-8E35086AD9D8} = {E5B69089-C776-41B8-BB4B-49BCAE531BC8}
		{39FB55BF-D155-404D-AB75-D211A11894C0} = {E5B69089-C776-41B8-BB4B-49BCAE531BC8}
		{D57C0A60-22A2-4E07-8995-C24EBFD354EF} = {954B32A8-BEE0-4E0A-AB99-69958DC97E27}
		{F6081679-BEE3-4B72-8DE5-718208F32046} = {954B32A8-BEE0-4E0A-AB99-69958DC97E27}
	EndGlobalSection
	GlobalSection(ExtensibilityGlobals) = postSolution
		SolutionGuid = {0C3DD7EB-6936-4E62-BBA6-0655223F0203}
	EndGlobalSection
EndGlobal
