
Microsoft Visual Studio Solution File, Format Version 12.00
# Visual Studio Version 16
VisualStudioVersion = 16.0.29613.14
MinimumVisualStudioVersion = 10.0.40219.1
Project("{2150E333-8FDC-42A3-9474-1A3956D46DE8}") = "soa.be", "soa.be", "{366133C0-DDC6-4386-83F8-F28A979F847C}"
EndProject
Project("{2150E333-8FDC-42A3-9474-1A3956D46DE8}") = "qa", "qa", "{E5B69089-C776-41B8-BB4B-49BCAE531BC8}"
ProjectSection(SolutionItems) = preProject
	soa\qa\Dockerfile = soa\qa\Dockerfile
EndProjectSection
EndProject
Project("{2150E333-8FDC-42A3-9474-1A3956D46DE8}") = "common", "common", "{954B32A8-BEE0-4E0A-AB99-69958DC97E27}"
EndProject
Project("{2150E333-8FDC-42A3-9474-1A3956D46DE8}") = "auth", "auth", "{02B37E33-F54B-4863-A711-736CF60D6F1D}"
EndProject
Project("{2150E333-8FDC-42A3-9474-1A3956D46DE8}") = "ms.be", "ms.be", "{2E2202CA-3CB5-4270-94E9-C22EB0213261}"
EndProject
Project("{2150E333-8FDC-42A3-9474-1A3956D46DE8}") = "auth", "auth", "{C2F3907E-3DD3-464E-A466-E8C3EB6F8385}"
EndProject
Project("{2150E333-8FDC-42A3-9474-1A3956D46DE8}") = "questions", "questions", "{3D97BD8F-A138-469D-9082-3C9E04EE160B}"
EndProject
Project("{2150E333-8FDC-42A3-9474-1A3956D46DE8}") = "answers", "answers", "{8CDD92D1-2C80-4F2E-B3CD-09BA1485D0F7}"
EndProject
Project("{2150E333-8FDC-42A3-9474-1A3956D46DE8}") = "persons", "persons", "{3FFFF526-7CC3-45F7-8CCC-E3CF795AAFB8}"
EndProject
Project("{2150E333-8FDC-42A3-9474-1A3956D46DE8}") = "categories", "categories", "{D208A217-FF17-406B-BAC6-4023253AFE69}"
EndProject
Project("{2150E333-8FDC-42A3-9474-1A3956D46DE8}") = "tags", "tags", "{9C175BC2-F490-40FB-A028-6CBEE056381A}"
EndProject
Project("{FAE04EC0-301F-11D3-BF4B-00C04F79EFBC}") = "soa-common.infrastructure", "soa\common\soa-common.infrastructure\soa-common.infrastructure.csproj", "{9A5817B3-378E-46FD-B1E6-707B33D13589}"
EndProject
Project("{FAE04EC0-301F-11D3-BF4B-00C04F79EFBC}") = "soa.qa.model", "soa\qa\soa.qa.model\soa.qa.model.csproj", "{1664A7A6-8B96-4C6C-B62C-241979CB2629}"
EndProject
Project("{FAE04EC0-301F-11D3-BF4B-00C04F79EFBC}") = "soa.qa.contracts", "soa\qa\soa.qa.contracts\soa.qa.contracts.csproj", "{FCFBEC9B-73C6-4757-A659-51362C540C96}"
EndProject
Project("{FAE04EC0-301F-11D3-BF4B-00C04F79EFBC}") = "soa.qa.repository", "soa\qa\soa.qa.repository\soa.qa.repository.csproj", "{1400897F-30C5-46FB-A361-49F02FBE58B3}"
EndProject
Project("{FAE04EC0-301F-11D3-BF4B-00C04F79EFBC}") = "soa.qa.services", "soa\qa\soa.qa.services\soa.qa.services.csproj", "{C44E268D-34E0-4D94-9FA9-6EA8C8A5413D}"
EndProject
Project("{FAE04EC0-301F-11D3-BF4B-00C04F79EFBC}") = "soa.qa.api", "soa\qa\soa.qa.api\soa.qa.api.csproj", "{9333D8B4-549F-4BAC-AC9C-D53763B583E1}"
EndProject
Project("{FAE04EC0-301F-11D3-BF4B-00C04F79EFBC}") = "ms.questions.model", "ms\questions\ms.questions.model\ms.questions.model.csproj", "{F573F54B-F2FE-4DB1-88C8-33A241D31E6D}"
EndProject
Project("{2150E333-8FDC-42A3-9474-1A3956D46DE8}") = "common", "common", "{AAB85718-7E74-406D-B141-34DF7B2E6F2B}"
EndProject
Project("{FAE04EC0-301F-11D3-BF4B-00C04F79EFBC}") = "ms-common.dtos", "ms\common\ms-common.dtos\ms-common.dtos.csproj", "{9AF0B122-4806-431B-B39A-8EEB3AB6125E}"
EndProject
Project("{FAE04EC0-301F-11D3-BF4B-00C04F79EFBC}") = "ms-common.infrastructure", "ms\common\ms-common.infrastructure\ms-common.infrastructure.csproj", "{6B9A8734-08E3-40F0-91D9-83CBAD22E9CD}"
EndProject
Project("{FAE04EC0-301F-11D3-BF4B-00C04F79EFBC}") = "soa-common.dtos", "soa\common\soa-common.dtos\soa-common.dtos.csproj", "{814C8547-2E74-4713-AB3C-F50239AB64B4}"
EndProject
Global
	GlobalSection(SolutionConfigurationPlatforms) = preSolution
		Debug|Any CPU = Debug|Any CPU
		Release|Any CPU = Release|Any CPU
	EndGlobalSection
	GlobalSection(ProjectConfigurationPlatforms) = postSolution
		{9A5817B3-378E-46FD-B1E6-707B33D13589}.Debug|Any CPU.ActiveCfg = Debug|Any CPU
		{9A5817B3-378E-46FD-B1E6-707B33D13589}.Debug|Any CPU.Build.0 = Debug|Any CPU
		{9A5817B3-378E-46FD-B1E6-707B33D13589}.Release|Any CPU.ActiveCfg = Release|Any CPU
		{9A5817B3-378E-46FD-B1E6-707B33D13589}.Release|Any CPU.Build.0 = Release|Any CPU
		{1664A7A6-8B96-4C6C-B62C-241979CB2629}.Debug|Any CPU.ActiveCfg = Debug|Any CPU
		{1664A7A6-8B96-4C6C-B62C-241979CB2629}.Debug|Any CPU.Build.0 = Debug|Any CPU
		{1664A7A6-8B96-4C6C-B62C-241979CB2629}.Release|Any CPU.ActiveCfg = Release|Any CPU
		{1664A7A6-8B96-4C6C-B62C-241979CB2629}.Release|Any CPU.Build.0 = Release|Any CPU
		{FCFBEC9B-73C6-4757-A659-51362C540C96}.Debug|Any CPU.ActiveCfg = Debug|Any CPU
		{FCFBEC9B-73C6-4757-A659-51362C540C96}.Debug|Any CPU.Build.0 = Debug|Any CPU
		{FCFBEC9B-73C6-4757-A659-51362C540C96}.Release|Any CPU.ActiveCfg = Release|Any CPU
		{FCFBEC9B-73C6-4757-A659-51362C540C96}.Release|Any CPU.Build.0 = Release|Any CPU
		{1400897F-30C5-46FB-A361-49F02FBE58B3}.Debug|Any CPU.ActiveCfg = Debug|Any CPU
		{1400897F-30C5-46FB-A361-49F02FBE58B3}.Debug|Any CPU.Build.0 = Debug|Any CPU
		{1400897F-30C5-46FB-A361-49F02FBE58B3}.Release|Any CPU.ActiveCfg = Release|Any CPU
		{1400897F-30C5-46FB-A361-49F02FBE58B3}.Release|Any CPU.Build.0 = Release|Any CPU
		{C44E268D-34E0-4D94-9FA9-6EA8C8A5413D}.Debug|Any CPU.ActiveCfg = Debug|Any CPU
		{C44E268D-34E0-4D94-9FA9-6EA8C8A5413D}.Debug|Any CPU.Build.0 = Debug|Any CPU
		{C44E268D-34E0-4D94-9FA9-6EA8C8A5413D}.Release|Any CPU.ActiveCfg = Release|Any CPU
		{C44E268D-34E0-4D94-9FA9-6EA8C8A5413D}.Release|Any CPU.Build.0 = Release|Any CPU
		{9333D8B4-549F-4BAC-AC9C-D53763B583E1}.Debug|Any CPU.ActiveCfg = Debug|Any CPU
		{9333D8B4-549F-4BAC-AC9C-D53763B583E1}.Debug|Any CPU.Build.0 = Debug|Any CPU
		{9333D8B4-549F-4BAC-AC9C-D53763B583E1}.Release|Any CPU.ActiveCfg = Release|Any CPU
		{9333D8B4-549F-4BAC-AC9C-D53763B583E1}.Release|Any CPU.Build.0 = Release|Any CPU
		{F573F54B-F2FE-4DB1-88C8-33A241D31E6D}.Debug|Any CPU.ActiveCfg = Debug|Any CPU
		{F573F54B-F2FE-4DB1-88C8-33A241D31E6D}.Debug|Any CPU.Build.0 = Debug|Any CPU
		{F573F54B-F2FE-4DB1-88C8-33A241D31E6D}.Release|Any CPU.ActiveCfg = Release|Any CPU
		{F573F54B-F2FE-4DB1-88C8-33A241D31E6D}.Release|Any CPU.Build.0 = Release|Any CPU
		{9AF0B122-4806-431B-B39A-8EEB3AB6125E}.Debug|Any CPU.ActiveCfg = Debug|Any CPU
		{9AF0B122-4806-431B-B39A-8EEB3AB6125E}.Debug|Any CPU.Build.0 = Debug|Any CPU
		{9AF0B122-4806-431B-B39A-8EEB3AB6125E}.Release|Any CPU.ActiveCfg = Release|Any CPU
		{9AF0B122-4806-431B-B39A-8EEB3AB6125E}.Release|Any CPU.Build.0 = Release|Any CPU
		{6B9A8734-08E3-40F0-91D9-83CBAD22E9CD}.Debug|Any CPU.ActiveCfg = Debug|Any CPU
		{6B9A8734-08E3-40F0-91D9-83CBAD22E9CD}.Debug|Any CPU.Build.0 = Debug|Any CPU
		{6B9A8734-08E3-40F0-91D9-83CBAD22E9CD}.Release|Any CPU.ActiveCfg = Release|Any CPU
		{6B9A8734-08E3-40F0-91D9-83CBAD22E9CD}.Release|Any CPU.Build.0 = Release|Any CPU
		{814C8547-2E74-4713-AB3C-F50239AB64B4}.Debug|Any CPU.ActiveCfg = Debug|Any CPU
		{814C8547-2E74-4713-AB3C-F50239AB64B4}.Debug|Any CPU.Build.0 = Debug|Any CPU
		{814C8547-2E74-4713-AB3C-F50239AB64B4}.Release|Any CPU.ActiveCfg = Release|Any CPU
		{814C8547-2E74-4713-AB3C-F50239AB64B4}.Release|Any CPU.Build.0 = Release|Any CPU
	EndGlobalSection
	GlobalSection(SolutionProperties) = preSolution
		HideSolutionNode = FALSE
	EndGlobalSection
	GlobalSection(NestedProjects) = preSolution
		{E5B69089-C776-41B8-BB4B-49BCAE531BC8} = {366133C0-DDC6-4386-83F8-F28A979F847C}
		{02B37E33-F54B-4863-A711-736CF60D6F1D} = {366133C0-DDC6-4386-83F8-F28A979F847C}
		{C2F3907E-3DD3-464E-A466-E8C3EB6F8385} = {2E2202CA-3CB5-4270-94E9-C22EB0213261}
		{3D97BD8F-A138-469D-9082-3C9E04EE160B} = {2E2202CA-3CB5-4270-94E9-C22EB0213261}
		{8CDD92D1-2C80-4F2E-B3CD-09BA1485D0F7} = {2E2202CA-3CB5-4270-94E9-C22EB0213261}
		{3FFFF526-7CC3-45F7-8CCC-E3CF795AAFB8} = {2E2202CA-3CB5-4270-94E9-C22EB0213261}
		{D208A217-FF17-406B-BAC6-4023253AFE69} = {2E2202CA-3CB5-4270-94E9-C22EB0213261}
		{9C175BC2-F490-40FB-A028-6CBEE056381A} = {2E2202CA-3CB5-4270-94E9-C22EB0213261}
		{9A5817B3-378E-46FD-B1E6-707B33D13589} = {954B32A8-BEE0-4E0A-AB99-69958DC97E27}
		{1664A7A6-8B96-4C6C-B62C-241979CB2629} = {E5B69089-C776-41B8-BB4B-49BCAE531BC8}
		{FCFBEC9B-73C6-4757-A659-51362C540C96} = {E5B69089-C776-41B8-BB4B-49BCAE531BC8}
		{1400897F-30C5-46FB-A361-49F02FBE58B3} = {E5B69089-C776-41B8-BB4B-49BCAE531BC8}
		{C44E268D-34E0-4D94-9FA9-6EA8C8A5413D} = {E5B69089-C776-41B8-BB4B-49BCAE531BC8}
		{9333D8B4-549F-4BAC-AC9C-D53763B583E1} = {E5B69089-C776-41B8-BB4B-49BCAE531BC8}
		{F573F54B-F2FE-4DB1-88C8-33A241D31E6D} = {3D97BD8F-A138-469D-9082-3C9E04EE160B}
		{954B32A8-BEE0-4E0A-AB99-69958DC97E27} = {366133C0-DDC6-4386-83F8-F28A979F847C}
		{AAB85718-7E74-406D-B141-34DF7B2E6F2B} = {2E2202CA-3CB5-4270-94E9-C22EB0213261}
		{9AF0B122-4806-431B-B39A-8EEB3AB6125E} = {AAB85718-7E74-406D-B141-34DF7B2E6F2B}
		{6B9A8734-08E3-40F0-91D9-83CBAD22E9CD} = {AAB85718-7E74-406D-B141-34DF7B2E6F2B}
		{814C8547-2E74-4713-AB3C-F50239AB64B4} = {954B32A8-BEE0-4E0A-AB99-69958DC97E27}
	EndGlobalSection
	GlobalSection(ExtensibilityGlobals) = postSolution
		SolutionGuid = {0C3DD7EB-6936-4E62-BBA6-0655223F0203}
	EndGlobalSection
EndGlobal
