
Microsoft Visual Studio Solution File, Format Version 12.00
# Visual Studio Version 16
VisualStudioVersion = 16.0.30717.126
MinimumVisualStudioVersion = 10.0.40219.1
Project("{9A19103F-16F7-4668-BE54-9A1E7A4F7556}") = "smart-charger.webui", "smart-charger.webui.csproj", "{90DB0511-09DE-4CEE-B241-A2EB5EB428F0}"
EndProject
Global
	GlobalSection(SolutionConfigurationPlatforms) = preSolution
		Debug|Any CPU = Debug|Any CPU
		Release|Any CPU = Release|Any CPU
	EndGlobalSection
	GlobalSection(ProjectConfigurationPlatforms) = postSolution
		{90DB0511-09DE-4CEE-B241-A2EB5EB428F0}.Debug|Any CPU.ActiveCfg = Debug|Any CPU
		{90DB0511-09DE-4CEE-B241-A2EB5EB428F0}.Debug|Any CPU.Build.0 = Debug|Any CPU
		{90DB0511-09DE-4CEE-B241-A2EB5EB428F0}.Release|Any CPU.ActiveCfg = Release|Any CPU
		{90DB0511-09DE-4CEE-B241-A2EB5EB428F0}.Release|Any CPU.Build.0 = Release|Any CPU
	EndGlobalSection
	GlobalSection(SolutionProperties) = preSolution
		HideSolutionNode = FALSE
	EndGlobalSection
	GlobalSection(ExtensibilityGlobals) = postSolution
		SolutionGuid = {220744B8-E34F-466F-8940-B4C23017F7F2}
	EndGlobalSection
EndGlobal
